{
  "name": "sinusbot-scripts",
  "version": "1.0.0",
  "lockfileVersion": 1,
  "requires": true,
  "dependencies": {
    "sinusbot-scripting-engine": {
      "version": "1.0.4",
      "resolved": "https://registry.npmjs.org/sinusbot-scripting-engine/-/sinusbot-scripting-engine-1.0.4.tgz",
      "integrity": "sha1-/ShFKWJ9daqP/2r6pvEcTxyCLc8=",
      "dev": true
    }
  }
}
