{
  "name": "sinusbot-scripts",
  "version": "1.0.0",
  "lockfileVersion": 1,
  "requires": true,
  "dependencies": {
    "sinusbot-scripting-engine": {
      "version": "1.0.11",
      "resolved": "https://registry.npmjs.org/sinusbot-scripting-engine/-/sinusbot-scripting-engine-1.0.11.tgz",
      "integrity": "sha512-NJgv5cBa9b5xfUfbw3dBUlbK5ASye4QIRB54cC3AWtaAlWmS6a3dIHQfrjTCvX4Hg9OO5ntfEeP4zOeE1mI/vA==",
      "dev": true
    }
  }
}
