{
  "name": "sinusbot-scripts",
  "version": "1.0.0",
  "lockfileVersion": 1,
  "requires": true,
  "dependencies": {
    "sinusbot-scripting-engine": {
      "version": "1.0.10",
      "resolved": "https://registry.npmjs.org/sinusbot-scripting-engine/-/sinusbot-scripting-engine-1.0.10.tgz",
      "integrity": "sha512-uCE+d2z8XVaa/46tq84MuMCB9sM3z6pH3cEVajzmyOZZ/mtKwgEpDEm0ZUxb2dlc6pv8FjUorFcWrVEv2en1MQ==",
      "dev": true
    }
  }
}
